
Microsoft Visual Studio Solution File, Format Version 12.00
# Visual Studio Version 17
VisualStudioVersion = 17.5.33530.505
MinimumVisualStudioVersion = 10.0.40219.1
Project("{9A19103F-16F7-4668-BE54-9A1E7A4F7556}") = "Blog", "Blog\Blog.csproj", "{39B1E40A-2923-4DEE-9424-4D6960D32B1E}"
EndProject
Project("{9A19103F-16F7-4668-BE54-9A1E7A4F7556}") = "RazorPagesBlog", "RazorPagesBlog\RazorPagesBlog.csproj", "{BE99DEA7-BEE6-4E3B-9020-4AD100B6939D}"
EndProject
Project("{FAE04EC0-301F-11D3-BF4B-00C04F79EFBC}") = "Blog.DataAccess", "Blog.DataAccess\Blog.DataAccess.csproj", "{53B3C4E9-AFC8-4B0A-887C-F73D355C339A}"
EndProject
Project("{FAE04EC0-301F-11D3-BF4B-00C04F79EFBC}") = "Blog.Models", "Blog.Models\Blog.Models.csproj", "{A9075DC8-863B-412F-98F9-3344FCB6CE71}"
EndProject
Project("{FAE04EC0-301F-11D3-BF4B-00C04F79EFBC}") = "Blog.Utility", "Blog.Utility\Blog.Utility.csproj", "{BFCBD571-3048-4BF0-BB0A-969828A53852}"
EndProject
Global
	GlobalSection(SolutionConfigurationPlatforms) = preSolution
		Debug|Any CPU = Debug|Any CPU
		Release|Any CPU = Release|Any CPU
	EndGlobalSection
	GlobalSection(ProjectConfigurationPlatforms) = postSolution
		{39B1E40A-2923-4DEE-9424-4D6960D32B1E}.Debug|Any CPU.ActiveCfg = Debug|Any CPU
		{39B1E40A-2923-4DEE-9424-4D6960D32B1E}.Debug|Any CPU.Build.0 = Debug|Any CPU
		{39B1E40A-2923-4DEE-9424-4D6960D32B1E}.Release|Any CPU.ActiveCfg = Release|Any CPU
		{39B1E40A-2923-4DEE-9424-4D6960D32B1E}.Release|Any CPU.Build.0 = Release|Any CPU
		{BE99DEA7-BEE6-4E3B-9020-4AD100B6939D}.Debug|Any CPU.ActiveCfg = Debug|Any CPU
		{BE99DEA7-BEE6-4E3B-9020-4AD100B6939D}.Debug|Any CPU.Build.0 = Debug|Any CPU
		{BE99DEA7-BEE6-4E3B-9020-4AD100B6939D}.Release|Any CPU.ActiveCfg = Release|Any CPU
		{BE99DEA7-BEE6-4E3B-9020-4AD100B6939D}.Release|Any CPU.Build.0 = Release|Any CPU
		{53B3C4E9-AFC8-4B0A-887C-F73D355C339A}.Debug|Any CPU.ActiveCfg = Debug|Any CPU
		{53B3C4E9-AFC8-4B0A-887C-F73D355C339A}.Debug|Any CPU.Build.0 = Debug|Any CPU
		{53B3C4E9-AFC8-4B0A-887C-F73D355C339A}.Release|Any CPU.ActiveCfg = Release|Any CPU
		{53B3C4E9-AFC8-4B0A-887C-F73D355C339A}.Release|Any CPU.Build.0 = Release|Any CPU
		{A9075DC8-863B-412F-98F9-3344FCB6CE71}.Debug|Any CPU.ActiveCfg = Debug|Any CPU
		{A9075DC8-863B-412F-98F9-3344FCB6CE71}.Debug|Any CPU.Build.0 = Debug|Any CPU
		{A9075DC8-863B-412F-98F9-3344FCB6CE71}.Release|Any CPU.ActiveCfg = Release|Any CPU
		{A9075DC8-863B-412F-98F9-3344FCB6CE71}.Release|Any CPU.Build.0 = Release|Any CPU
		{BFCBD571-3048-4BF0-BB0A-969828A53852}.Debug|Any CPU.ActiveCfg = Debug|Any CPU
		{BFCBD571-3048-4BF0-BB0A-969828A53852}.Debug|Any CPU.Build.0 = Debug|Any CPU
		{BFCBD571-3048-4BF0-BB0A-969828A53852}.Release|Any CPU.ActiveCfg = Release|Any CPU
		{BFCBD571-3048-4BF0-BB0A-969828A53852}.Release|Any CPU.Build.0 = Release|Any CPU
	EndGlobalSection
	GlobalSection(SolutionProperties) = preSolution
		HideSolutionNode = FALSE
	EndGlobalSection
	GlobalSection(ExtensibilityGlobals) = postSolution
		SolutionGuid = {0D452824-4039-4A6C-88F9-FFA0AD231C87}
	EndGlobalSection
EndGlobal
