
Microsoft Visual Studio Solution File, Format Version 12.00
# Visual Studio Version 17
VisualStudioVersion = 17.5.33530.505
MinimumVisualStudioVersion = 10.0.40219.1
Project("{FAE04EC0-301F-11D3-BF4B-00C04F79EFBC}") = "MinimalAuthApi", "MinimalAuthApi\MinimalAuthApi.csproj", "{1E9BCFD3-1520-43C8-8865-8716F7C4807E}"
EndProject
Global
	GlobalSection(SolutionConfigurationPlatforms) = preSolution
		Debug|Any CPU = Debug|Any CPU
		Release|Any CPU = Release|Any CPU
	EndGlobalSection
	GlobalSection(ProjectConfigurationPlatforms) = postSolution
		{1E9BCFD3-1520-43C8-8865-8716F7C4807E}.Debug|Any CPU.ActiveCfg = Debug|Any CPU
		{1E9BCFD3-1520-43C8-8865-8716F7C4807E}.Debug|Any CPU.Build.0 = Debug|Any CPU
		{1E9BCFD3-1520-43C8-8865-8716F7C4807E}.Release|Any CPU.ActiveCfg = Release|Any CPU
		{1E9BCFD3-1520-43C8-8865-8716F7C4807E}.Release|Any CPU.Build.0 = Release|Any CPU
	EndGlobalSection
	GlobalSection(SolutionProperties) = preSolution
		HideSolutionNode = FALSE
	EndGlobalSection
	GlobalSection(ExtensibilityGlobals) = postSolution
		SolutionGuid = {861F28F9-A36A-4143-A372-770F6EA7D189}
	EndGlobalSection
EndGlobal
